
Microsoft Visual Studio Solution File, Format Version 12.00
# Visual Studio 2012
Project("{FAE04EC0-301F-11D3-BF4B-00C04F79EFBC}") = "android-test", "android-test\android-test.csproj", "{DF19F64C-3E8E-4B4C-B620-CC12E4D4C0E6}"
EndProject
Global
	GlobalSection(SolutionConfigurationPlatforms) = preSolution
		Debug|Any CPU = Debug|Any CPU
		Release|Any CPU = Release|Any CPU
	EndGlobalSection
	GlobalSection(ProjectConfigurationPlatforms) = postSolution
		{DF19F64C-3E8E-4B4C-B620-CC12E4D4C0E6}.Debug|Any CPU.ActiveCfg = Debug|Any CPU
		{DF19F64C-3E8E-4B4C-B620-CC12E4D4C0E6}.Debug|Any CPU.Build.0 = Debug|Any CPU
		{DF19F64C-3E8E-4B4C-B620-CC12E4D4C0E6}.Release|Any CPU.ActiveCfg = Release|Any CPU
		{DF19F64C-3E8E-4B4C-B620-CC12E4D4C0E6}.Release|Any CPU.Build.0 = Release|Any CPU
	EndGlobalSection
EndGlobal
